
Microsoft Visual Studio Solution File, Format Version 12.00
# Visual Studio Version 16
VisualStudioVersion = 16.0.30320.27
MinimumVisualStudioVersion = 10.0.40219.1
Project("{FAE04EC0-301F-11D3-BF4B-00C04F79EFBC}") = "API_Summer_19-20", "API_Summer_19-20\API_Summer_19-20.csproj", "{2195A144-2F43-47C1-AE41-4E3F116083D2}"
EndProject
Global
	GlobalSection(SolutionConfigurationPlatforms) = preSolution
		Debug|Any CPU = Debug|Any CPU
		Release|Any CPU = Release|Any CPU
	EndGlobalSection
	GlobalSection(ProjectConfigurationPlatforms) = postSolution
		{2195A144-2F43-47C1-AE41-4E3F116083D2}.Debug|Any CPU.ActiveCfg = Debug|Any CPU
		{2195A144-2F43-47C1-AE41-4E3F116083D2}.Debug|Any CPU.Build.0 = Debug|Any CPU
		{2195A144-2F43-47C1-AE41-4E3F116083D2}.Release|Any CPU.ActiveCfg = Release|Any CPU
		{2195A144-2F43-47C1-AE41-4E3F116083D2}.Release|Any CPU.Build.0 = Release|Any CPU
	EndGlobalSection
	GlobalSection(SolutionProperties) = preSolution
		HideSolutionNode = FALSE
	EndGlobalSection
	GlobalSection(ExtensibilityGlobals) = postSolution
		SolutionGuid = {8B8D2FDE-51FC-4743-8C01-D7C4E6097179}
	EndGlobalSection
EndGlobal
